
Microsoft Visual Studio Solution File, Format Version 12.00
# Visual Studio Version 16
VisualStudioVersion = 16.0.32630.194
MinimumVisualStudioVersion = 10.0.40219.1
Project("{FAE04EC0-301F-11D3-BF4B-00C04F79EFBC}") = "dischook", "dischook.csproj", "{08CDE020-425B-4D5F-8703-44B66923E6AF}"
EndProject
Global
	GlobalSection(SolutionConfigurationPlatforms) = preSolution
		Debug|Any CPU = Debug|Any CPU
		Release|Any CPU = Release|Any CPU
	EndGlobalSection
	GlobalSection(ProjectConfigurationPlatforms) = postSolution
		{08CDE020-425B-4D5F-8703-44B66923E6AF}.Debug|Any CPU.ActiveCfg = Debug|Any CPU
		{08CDE020-425B-4D5F-8703-44B66923E6AF}.Debug|Any CPU.Build.0 = Debug|Any CPU
		{08CDE020-425B-4D5F-8703-44B66923E6AF}.Release|Any CPU.ActiveCfg = Release|Any CPU
		{08CDE020-425B-4D5F-8703-44B66923E6AF}.Release|Any CPU.Build.0 = Release|Any CPU
	EndGlobalSection
	GlobalSection(SolutionProperties) = preSolution
		HideSolutionNode = FALSE
	EndGlobalSection
	GlobalSection(ExtensibilityGlobals) = postSolution
		SolutionGuid = {50E3BC35-BC19-4964-87A7-470C8E31816C}
	EndGlobalSection
EndGlobal
